
Microsoft Visual Studio Solution File, Format Version 12.00
# Visual Studio Version 17
VisualStudioVersion = 17.4.33103.184
MinimumVisualStudioVersion = 10.0.40219.1
Project("{FAE04EC0-301F-11D3-BF4B-00C04F79EFBC}") = "Recipes_GraphQL", "Recipes_GraphQL\Recipes_GraphQL.csproj", "{9E2C467C-41B5-48EF-AD81-2B31A72F6A0B}"
EndProject
Global
	GlobalSection(SolutionConfigurationPlatforms) = preSolution
		Debug|Any CPU = Debug|Any CPU
		Release|Any CPU = Release|Any CPU
	EndGlobalSection
	GlobalSection(ProjectConfigurationPlatforms) = postSolution
		{9E2C467C-41B5-48EF-AD81-2B31A72F6A0B}.Debug|Any CPU.ActiveCfg = Debug|Any CPU
		{9E2C467C-41B5-48EF-AD81-2B31A72F6A0B}.Debug|Any CPU.Build.0 = Debug|Any CPU
		{9E2C467C-41B5-48EF-AD81-2B31A72F6A0B}.Release|Any CPU.ActiveCfg = Release|Any CPU
		{9E2C467C-41B5-48EF-AD81-2B31A72F6A0B}.Release|Any CPU.Build.0 = Release|Any CPU
	EndGlobalSection
	GlobalSection(SolutionProperties) = preSolution
		HideSolutionNode = FALSE
	EndGlobalSection
	GlobalSection(ExtensibilityGlobals) = postSolution
		SolutionGuid = {F4D787E8-B983-410C-BB3D-DC2FFFA8D260}
	EndGlobalSection
EndGlobal
